Microsoft Visual Studio Solution File, Format Version 12.00
# Visual Studio Version 17
VisualStudioVersion = 17.5.2.0
MinimumVisualStudioVersion = 10.0.40219.1
Project("{FAE04EC0-301F-11D3-BF4B-00C04F79EFBC}") = "ChatServer", "BackEnd\ChatServer.csproj", "{AAEFFD11-9B0B-401A-310F-7E0BE81EF6FE}"
EndProject
Global
	GlobalSection(SolutionConfigurationPlatforms) = preSolution
		Debug|Any CPU = Debug|Any CPU
		Release|Any CPU = Release|Any CPU
	EndGlobalSection
	GlobalSection(ProjectConfigurationPlatforms) = postSolution
		{AAEFFD11-9B0B-401A-310F-7E0BE81EF6FE}.Debug|Any CPU.ActiveCfg = Debug|Any CPU
		{AAEFFD11-9B0B-401A-310F-7E0BE81EF6FE}.Debug|Any CPU.Build.0 = Debug|Any CPU
		{AAEFFD11-9B0B-401A-310F-7E0BE81EF6FE}.Release|Any CPU.ActiveCfg = Release|Any CPU
		{AAEFFD11-9B0B-401A-310F-7E0BE81EF6FE}.Release|Any CPU.Build.0 = Release|Any CPU
	EndGlobalSection
	GlobalSection(SolutionProperties) = preSolution
		HideSolutionNode = FALSE
	EndGlobalSection
	GlobalSection(ExtensibilityGlobals) = postSolution
		SolutionGuid = {1CF56659-09A7-4B29-896F-36CB5299ADE2}
	EndGlobalSection
EndGlobal
